
Microsoft Visual Studio Solution File, Format Version 12.00
# Visual Studio Version 16
VisualStudioVersion = 16.0.31911.196
MinimumVisualStudioVersion = 10.0.40219.1
Project("{FAE04EC0-301F-11D3-BF4B-00C04F79EFBC}") = "GUID", "GUID\GUID.csproj", "{EF15D7B9-F323-46D5-BA00-1FF024FC289C}"
EndProject
Global
	GlobalSection(SolutionConfigurationPlatforms) = preSolution
		Debug|Any CPU = Debug|Any CPU
		Release|Any CPU = Release|Any CPU
	EndGlobalSection
	GlobalSection(ProjectConfigurationPlatforms) = postSolution
		{EF15D7B9-F323-46D5-BA00-1FF024FC289C}.Debug|Any CPU.ActiveCfg = Debug|Any CPU
		{EF15D7B9-F323-46D5-BA00-1FF024FC289C}.Debug|Any CPU.Build.0 = Debug|Any CPU
		{EF15D7B9-F323-46D5-BA00-1FF024FC289C}.Release|Any CPU.ActiveCfg = Release|Any CPU
		{EF15D7B9-F323-46D5-BA00-1FF024FC289C}.Release|Any CPU.Build.0 = Release|Any CPU
	EndGlobalSection
	GlobalSection(SolutionProperties) = preSolution
		HideSolutionNode = FALSE
	EndGlobalSection
	GlobalSection(ExtensibilityGlobals) = postSolution
		SolutionGuid = {D73F4287-DDD5-4399-8F51-64B3DE8C036B}
	EndGlobalSection
EndGlobal
